<?xml version="1.0" encoding="utf-8"?>
<Project ToolsVersion="4.0" xmlns="http://schemas.microsoft.com/developer/msbuild/2003">
  <ItemGroup>
    <Filter Include="Data structures">
      <UniqueIdentifier>{974950e5-0061-4399-a9c0-9964f4204b7f}</UniqueIdentifier>
    </Filter>
    <Filter Include="Testers">
      <UniqueIdentifier>{4FC737F1-C7A5-4376-A066-2A32D752A2FF}</UniqueIdentifier>
      <Extensions>cpp;c;cc;cxx;def;odl;idl;hpj;bat;asm;asmx</Extensions>
    </Filter>
    <Filter Include="Headers">
      <UniqueIdentifier>{93995380-89BD-4b04-88EB-625FBE52EBFB}</UniqueIdentifier>
      <Extensions>h;hh;hpp;hxx;hm;inl;inc;xsd</Extensions>
    </Filter>
    <Filter Include="Implementations">
      <UniqueIdentifier>{67DA6AB6-F800-4c08-8B7A-83BB121AAD01}</UniqueIdentifier>
      <Extensions>rc;ico;cur;bmp;dlg;rc2;rct;bin;rgs;gif;jpg;jpeg;jpe;resx;tiff;tif;png;wav;mfcribbon-ms</Extensions>
    </Filter>
    <Filter Include="Headers\Algorithms">
      <UniqueIdentifier>{a29e0556-93e8-4acb-a7f6-e7fe4d116d65}</UniqueIdentifier>
    </Filter>
    <Filter Include="Headers\Data_Structures">
      <UniqueIdentifier>{b0439d0a-e76b-41be-872e-e4b32bfa407e}</UniqueIdentifier>
    </Filter>
    <Filter Include="Implementations\Algorithms">
      <UniqueIdentifier>{214ac62c-cfb3-4544-84f5-756aff4486a4}</UniqueIdentifier>
    </Filter>
    <Filter Include="Implementations\Data_Structures">
      <UniqueIdentifier>{0252f0b5-7b47-4e46-838e-4d777b8416fe}</UniqueIdentifier>
    </Filter>
  </ItemGroup>
  <ItemGroup>
    <ClCompile Include="Stack.cpp">
      <Filter>Data structures</Filter>
    </ClCompile>
    <ClCompile Include="Main_Tester.cpp">
      <Filter>Testers</Filter>
    </ClCompile>
  </ItemGroup>
  <ItemGroup>
    <ClInclude Include="General_Header.h">
      <Filter>Headers</Filter>
    </ClInclude>
  </ItemGroup>
</Project>